<?xml version="1.0" encoding="utf-8"?>
<Project ToolsVersion="4.0" xmlns="http://schemas.microsoft.com/developer/msbuild/2003">
  <ItemGroup>
    <ClCompile Include="imgui.cpp" />
    <ClCompile Include="imgui_draw.cpp" />
    <ClCompile Include="imgui_impl_glfw_gl3.cpp" />
    <ClCompile Include="main.cpp" />
    <ClCompile Include="gl3w\GL\gl3w.c" />
  </ItemGroup>
  <ItemGroup>
    <ClInclude Include="imgui.h" />
    <ClInclude Include="imgui_impl_glfw_gl3.h" />
    <ClInclude Include="imgui_internal.h" />
    <ClInclude Include="stb_rect_pack.h" />
    <ClInclude Include="stb_textedit.h" />
    <ClInclude Include="stb_truetype.h" />
    <ClInclude Include="gl3w\GL\gl3w.h" />
    <ClInclude Include="gl3w\GL\glcorearb.h" />
  </ItemGroup>
</Project>